
Microsoft Visual Studio Solution File, Format Version 12.00
# Visual Studio Version 16
VisualStudioVersion = 16.0.29709.97
MinimumVisualStudioVersion = 10.0.40219.1
Project("{FAE04EC0-301F-11D3-BF4B-00C04F79EFBC}") = "WebStore6", "WebStore6\WebStore6.csproj", "{4463CB62-F6F7-4B7E-A4AD-4C0AF5228092}"
EndProject
Global
	GlobalSection(SolutionConfigurationPlatforms) = preSolution
		Debug|Any CPU = Debug|Any CPU
		Release|Any CPU = Release|Any CPU
	EndGlobalSection
	GlobalSection(ProjectConfigurationPlatforms) = postSolution
		{4463CB62-F6F7-4B7E-A4AD-4C0AF5228092}.Debug|Any CPU.ActiveCfg = Debug|Any CPU
		{4463CB62-F6F7-4B7E-A4AD-4C0AF5228092}.Debug|Any CPU.Build.0 = Debug|Any CPU
		{4463CB62-F6F7-4B7E-A4AD-4C0AF5228092}.Release|Any CPU.ActiveCfg = Release|Any CPU
		{4463CB62-F6F7-4B7E-A4AD-4C0AF5228092}.Release|Any CPU.Build.0 = Release|Any CPU
	EndGlobalSection
	GlobalSection(SolutionProperties) = preSolution
		HideSolutionNode = FALSE
	EndGlobalSection
	GlobalSection(ExtensibilityGlobals) = postSolution
		SolutionGuid = {641AE1FD-512F-434B-8786-82378FCCD134}
	EndGlobalSection
EndGlobal
